github.com/google/uuid v1.1.1 h1:Gkbcsh/GbpXz7lPftLA3P6TYMwjCLYm83jiFQZF/3gY=
github.com/google/uuid v1.1.1/go.mod h1:TIyPZe4MgqvfeYDBFedMoGGpEw/LqOeaOT+nhxU+yHo=
github.com/microsoft/azure-devops-go-api/azuredevops v0.0.0-20200327121006-543de4815ec2 h1:Xi4UB142pCZ7i5UAvJO60PZQCCyQf+6uJ5/6aX/Z5bk=
github.com/microsoft/azure-devops-go-api/azuredevops v0.0.0-20200327121006-543de4815ec2/go.mod h1:PoGiBqKSQK1vIfQ+yVaFcGjDySHvym6FM1cNYnwzbrY=
